{
  "name": "okta-nginx",
  "lockfileVersion": 3,
  "requires": true,
  "packages": {
    "": {
      "dependencies": {
        "sql": "^0.78.0"
      }
    },
    "node_modules/lodash": {
      "version": "4.1.0",
      "resolved": "https://registry.npmjs.org/lodash/-/lodash-4.1.0.tgz",
      "integrity": "sha512-B9sgtKUlz0xe7lkYb80BcOpwwJJw5iOiz4HkBDzF0+i5nJLiwfBnL08m7bBkCOPBfi+0aqvrJDMdZDfAvs8vYg==",
      "license": "MIT"
    },
    "node_modules/sliced": {
      "version": "0.0.5",
      "resolved": "https://registry.npmjs.org/sliced/-/sliced-0.0.5.tgz",
      "integrity": "sha512-9bYT917D6H3+q8GlQBJmLVz3bc4OeVGfZ2BB12wvLnluTGfG6/8UdOUbKJDW1EEx9SZMDbjnatkau5/XcUeyOw==",
      "license": "MIT"
    },
    "node_modules/sql": {
      "version": "0.78.0",
      "resolved": "https://registry.npmjs.org/sql/-/sql-0.78.0.tgz",
      "integrity": "sha512-+If27aF3UQxmnuF5JgTJKd/X6TiELa1f58Zo5TX9ULbPnqs1fBDODwwbtU0WwM5H3lSiwx2En4m2lB1rCoIhvQ==",
      "license": "MIT",
      "dependencies": {
        "lodash": "4.1.x",
        "sliced": "0.0.x"
      },
      "engines": {
        "node": "*"
      }
    }
  }
}
